
Microsoft Visual Studio Solution File, Format Version 12.00
# Visual Studio Version 16
VisualStudioVersion = 16.0.37507.1
MinimumVisualStudioVersion = 10.0.40219.1
Project("{FAE04EC0-301F-11D3-BF4B-00C04F79EFBC}") = "Comm", "Comm.csproj", "{B2125EC6-8039-4219-9981-E1B2C4063A0B}"
EndProject
Global
	GlobalSection(SolutionConfigurationPlatforms) = preSolution
		Debug|Any CPU = Debug|Any CPU
		Release|Any CPU = Release|Any CPU
	EndGlobalSection
	GlobalSection(ProjectConfigurationPlatforms) = postSolution
		{B2125EC6-8039-4219-9981-E1B2C4063A0B}.Debug|Any CPU.ActiveCfg = Debug|Any CPU
		{B2125EC6-8039-4219-9981-E1B2C4063A0B}.Debug|Any CPU.Build.0 = Debug|Any CPU
		{B2125EC6-8039-4219-9981-E1B2C4063A0B}.Release|Any CPU.ActiveCfg = Release|Any CPU
		{B2125EC6-8039-4219-9981-E1B2C4063A0B}.Release|Any CPU.Build.0 = Release|Any CPU
	EndGlobalSection
	GlobalSection(SolutionProperties) = preSolution
		HideSolutionNode = FALSE
	EndGlobalSection
	GlobalSection(ExtensibilityGlobals) = postSolution
		SolutionGuid = {1F3ECE75-4FBA-4573-98FC-7B50275269F7}
	EndGlobalSection
EndGlobal
